
Microsoft Visual Studio Solution File, Format Version 12.00
# Visual Studio 2012
Project("{FAE04EC0-301F-11D3-BF4B-00C04F79EFBC}") = "BlackJack._UnitTests", "BlackJack._UnitTests\BlackJack._UnitTests.csproj", "{9F4E27CD-B03A-43F0-95FD-B8F871AFAE79}"
EndProject
Project("{FAE04EC0-301F-11D3-BF4B-00C04F79EFBC}") = "BlackJack.Presentation", "BlackJack.Presentation\BlackJack.Presentation.csproj", "{6BB956AF-8088-4CE0-BEEA-022F96B62C46}"
EndProject
Project("{FAE04EC0-301F-11D3-BF4B-00C04F79EFBC}") = "BlackJack.Model", "BlackJack.Model\BlackJack.Model.csproj", "{1B8B0E76-1008-4B0E-B082-5CED29B60DFD}"
EndProject
Global
	GlobalSection(SolutionConfigurationPlatforms) = preSolution
		Debug|Any CPU = Debug|Any CPU
		Release|Any CPU = Release|Any CPU
	EndGlobalSection
	GlobalSection(ProjectConfigurationPlatforms) = postSolution
		{9F4E27CD-B03A-43F0-95FD-B8F871AFAE79}.Debug|Any CPU.ActiveCfg = Debug|Any CPU
		{9F4E27CD-B03A-43F0-95FD-B8F871AFAE79}.Debug|Any CPU.Build.0 = Debug|Any CPU
		{9F4E27CD-B03A-43F0-95FD-B8F871AFAE79}.Release|Any CPU.ActiveCfg = Release|Any CPU
		{9F4E27CD-B03A-43F0-95FD-B8F871AFAE79}.Release|Any CPU.Build.0 = Release|Any CPU
		{6BB956AF-8088-4CE0-BEEA-022F96B62C46}.Debug|Any CPU.ActiveCfg = Debug|Any CPU
		{6BB956AF-8088-4CE0-BEEA-022F96B62C46}.Debug|Any CPU.Build.0 = Debug|Any CPU
		{6BB956AF-8088-4CE0-BEEA-022F96B62C46}.Release|Any CPU.ActiveCfg = Release|Any CPU
		{6BB956AF-8088-4CE0-BEEA-022F96B62C46}.Release|Any CPU.Build.0 = Release|Any CPU
		{1B8B0E76-1008-4B0E-B082-5CED29B60DFD}.Debug|Any CPU.ActiveCfg = Debug|Any CPU
		{1B8B0E76-1008-4B0E-B082-5CED29B60DFD}.Debug|Any CPU.Build.0 = Debug|Any CPU
		{1B8B0E76-1008-4B0E-B082-5CED29B60DFD}.Release|Any CPU.ActiveCfg = Release|Any CPU
		{1B8B0E76-1008-4B0E-B082-5CED29B60DFD}.Release|Any CPU.Build.0 = Release|Any CPU
	EndGlobalSection
	GlobalSection(SolutionProperties) = preSolution
		HideSolutionNode = FALSE
	EndGlobalSection
EndGlobal
